Microsoft Visual Studio Solution File, Format Version 12.00
# Visual Studio Version 17
VisualStudioVersion = 17.5.2.0
MinimumVisualStudioVersion = 10.0.40219.1
Project("{2150E333-8FDC-42A3-9474-1A3956D46DE8}") = "2022", "2022", "{C4D89311-AFE9-6323-3FF6-D384F1CDA061}"
EndProject
Project("{FAE04EC0-301F-11D3-BF4B-00C04F79EFBC}") = "day1", "2022\day1\day1.csproj", "{7DCE6208-BD49-CBC1-6647-B103BA7561D5}"
EndProject
Global
	GlobalSection(SolutionConfigurationPlatforms) = preSolution
		Debug|Any CPU = Debug|Any CPU
		Release|Any CPU = Release|Any CPU
	EndGlobalSection
	GlobalSection(ProjectConfigurationPlatforms) = postSolution
		{7DCE6208-BD49-CBC1-6647-B103BA7561D5}.Debug|Any CPU.ActiveCfg = Debug|Any CPU
		{7DCE6208-BD49-CBC1-6647-B103BA7561D5}.Debug|Any CPU.Build.0 = Debug|Any CPU
		{7DCE6208-BD49-CBC1-6647-B103BA7561D5}.Release|Any CPU.ActiveCfg = Release|Any CPU
		{7DCE6208-BD49-CBC1-6647-B103BA7561D5}.Release|Any CPU.Build.0 = Release|Any CPU
	EndGlobalSection
	GlobalSection(SolutionProperties) = preSolution
		HideSolutionNode = FALSE
	EndGlobalSection
	GlobalSection(NestedProjects) = preSolution
		{7DCE6208-BD49-CBC1-6647-B103BA7561D5} = {C4D89311-AFE9-6323-3FF6-D384F1CDA061}
	EndGlobalSection
	GlobalSection(ExtensibilityGlobals) = postSolution
		SolutionGuid = {0DFADD2B-09C4-48C7-AA43-F1BB31094A35}
	EndGlobalSection
EndGlobal
